
Microsoft Visual Studio Solution File, Format Version 12.00
# Visual Studio 14
VisualStudioVersion = 14.0.24720.0
MinimumVisualStudioVersion = 10.0.40219.1
Project("{FAE04EC0-301F-11D3-BF4B-00C04F79EFBC}") = "ParsonCSharp", "ParsonCSharp\ParsonCSharp.csproj", "{52FA98AF-BD0C-418D-BDAC-A4ED395911FB}"
	ProjectSection(ProjectDependencies) = postProject
		{82C94C5C-1B86-464B-906D-88CD29A61B77} = {82C94C5C-1B86-464B-906D-88CD29A61B77}
	EndProjectSection
EndProject
Project("{8BC9CEB8-8B4A-11D0-8D11-00A0C91BC942}") = "parson", "libparson\libparson.vcxproj", "{82C94C5C-1B86-464B-906D-88CD29A61B77}"
EndProject
Global
	GlobalSection(SolutionConfigurationPlatforms) = preSolution
		Debug|Any CPU = Debug|Any CPU
		Debug|x64 = Debug|x64
		Debug|x86 = Debug|x86
		Release|Any CPU = Release|Any CPU
		Release|x64 = Release|x64
		Release|x86 = Release|x86
	EndGlobalSection
	GlobalSection(ProjectConfigurationPlatforms) = postSolution
		{52FA98AF-BD0C-418D-BDAC-A4ED395911FB}.Debug|Any CPU.ActiveCfg = Debug|Any CPU
		{52FA98AF-BD0C-418D-BDAC-A4ED395911FB}.Debug|Any CPU.Build.0 = Debug|Any CPU
		{52FA98AF-BD0C-418D-BDAC-A4ED395911FB}.Debug|x64.ActiveCfg = Debug|Any CPU
		{52FA98AF-BD0C-418D-BDAC-A4ED395911FB}.Debug|x64.Build.0 = Debug|Any CPU
		{52FA98AF-BD0C-418D-BDAC-A4ED395911FB}.Debug|x86.ActiveCfg = Debug|Any CPU
		{52FA98AF-BD0C-418D-BDAC-A4ED395911FB}.Debug|x86.Build.0 = Debug|Any CPU
		{52FA98AF-BD0C-418D-BDAC-A4ED395911FB}.Release|Any CPU.ActiveCfg = Release|Any CPU
		{52FA98AF-BD0C-418D-BDAC-A4ED395911FB}.Release|Any CPU.Build.0 = Release|Any CPU
		{52FA98AF-BD0C-418D-BDAC-A4ED395911FB}.Release|x64.ActiveCfg = Release|Any CPU
		{52FA98AF-BD0C-418D-BDAC-A4ED395911FB}.Release|x64.Build.0 = Release|Any CPU
		{52FA98AF-BD0C-418D-BDAC-A4ED395911FB}.Release|x86.ActiveCfg = Release|Any CPU
		{52FA98AF-BD0C-418D-BDAC-A4ED395911FB}.Release|x86.Build.0 = Release|Any CPU
		{82C94C5C-1B86-464B-906D-88CD29A61B77}.Debug|Any CPU.ActiveCfg = Debug|Win32
		{82C94C5C-1B86-464B-906D-88CD29A61B77}.Debug|x64.ActiveCfg = Debug|x64
		{82C94C5C-1B86-464B-906D-88CD29A61B77}.Debug|x64.Build.0 = Debug|x64
		{82C94C5C-1B86-464B-906D-88CD29A61B77}.Debug|x86.ActiveCfg = Debug|Win32
		{82C94C5C-1B86-464B-906D-88CD29A61B77}.Debug|x86.Build.0 = Debug|Win32
		{82C94C5C-1B86-464B-906D-88CD29A61B77}.Release|Any CPU.ActiveCfg = Release|Win32
		{82C94C5C-1B86-464B-906D-88CD29A61B77}.Release|Any CPU.Build.0 = Release|Win32
		{82C94C5C-1B86-464B-906D-88CD29A61B77}.Release|x64.ActiveCfg = Release|x64
		{82C94C5C-1B86-464B-906D-88CD29A61B77}.Release|x64.Build.0 = Release|x64
		{82C94C5C-1B86-464B-906D-88CD29A61B77}.Release|x86.ActiveCfg = Release|Win32
		{82C94C5C-1B86-464B-906D-88CD29A61B77}.Release|x86.Build.0 = Release|Win32
	EndGlobalSection
	GlobalSection(SolutionProperties) = preSolution
		HideSolutionNode = FALSE
	EndGlobalSection
EndGlobal
